// !$*UTF8*$!
{
	archiveVersion = 1;
	classes = {
	};
	objectVersion = 50;
	objects = {

/* Begin PBXBuildFile section */
		D3258E9024B8C0E300895910 /* AppDelegate.swift in Sources */ = {isa = PBXBuildFile; fileRef = D3258E8F24B8C0E300895910 /* AppDelegate.swift */; };
		D3258E9224B8C0E300895910 /* SceneDelegate.swift in Sources */ = {isa = PBXBuildFile; fileRef = D3258E9124B8C0E300895910 /* SceneDelegate.swift */; };
		D3258E9424B8C0E300895910 /* ViewController.swift in Sources */ = {isa = PBXBuildFile; fileRef = D3258E9324B8C0E300895910 /* ViewController.swift */; };
		D3258E9724B8C0E300895910 /* Main.storyboard in Resources */ = {isa = PBXBuildFile; fileRef = D3258E9524B8C0E300895910 /* Main.storyboard */; };
		D3258E9A24B8C0E300895910 /* gitHubCreatVideo.xcdatamodeld in Sources */ = {isa = PBXBuildFile; fileRef = D3258E9824B8C0E300895910 /* gitHubCreatVideo.xcdatamodeld */; };
		D3258E9C24B8C0E400895910 /* Assets.xcassets in Resources */ = {isa = PBXBuildFile; fileRef = D3258E9B24B8C0E400895910 /* Assets.xcassets */; };
		D3258E9F24B8C0E500895910 /* LaunchScreen.storyboard in Resources */ = {isa = PBXBuildFile; fileRef = D3258E9D24B8C0E500895910 /* LaunchScreen.storyboard */; };
/* End PBXBuildFile section */

/* Begin PBXFileReference section */
		D3258E8C24B8C0E300895910 /* gitHubCreatVideo.app */ = {isa = PBXFileReference; explicitFileType = wrapper.application; includeInIndex = 0; path = gitHubCreatVideo.app; sourceTree = BUILT_PRODUCTS_DIR; };
		D3258E8F24B8C0E300895910 /* AppDelegate.swift */ = {isa = PBXFileReference; lastKnownFileType = sourcecode.swift; path = AppDelegate.swift; sourceTree = "<group>"; };
		D3258E9124B8C0E300895910 /* SceneDelegate.swift */ = {isa = PBXFileReference; lastKnownFileType = sourcecode.swift; path = SceneDelegate.swift; sourceTree = "<group>"; };
		D3258E9324B8C0E300895910 /* ViewController.swift */ = {isa = PBXFileReference; lastKnownFileType = sourcecode.swift; path = ViewController.swift; sourceTree = "<group>"; };
		D3258E9624B8C0E300895910 /* Base */ = {isa = PBXFileReference; lastKnownFileType = file.storyboard; name = Base; path = Base.lproj/Main.storyboard; sourceTree = "<group>"; };
		D3258E9924B8C0E300895910 /* gitHubCreatVideo.xcdatamodel */ = {isa = PBXFileReference; lastKnownFileType = wrapper.xcdatamodel; path = gitHubCreatVideo.xcdatamodel; sourceTree = "<group>"; };
		D3258E9B24B8C0E400895910 /* Assets.xcassets */ = {isa = PBXFileReference; lastKnownFileType = folder.assetcatalog; path = Assets.xcassets; sourceTree = "<group>"; };
		D3258E9E24B8C0E500895910 /* Base */ = {isa = PBXFileReference; lastKnownFileType = file.storyboard; name = Base; path = Base.lproj/LaunchScreen.storyboard; sourceTree = "<group>"; };
		D3258EA024B8C0E500895910 /* Info.plist */ = {isa = PBXFileReference; lastKnownFileType = text.plist.xml; path = Info.plist; sourceTree = "<group>"; };
/* End PBXFileReference section */

/* Begin PBXFrameworksBuildPhase section */
		D3258E8924B8C0E300895910 /* Frameworks */ = {
			isa = PBXFrameworksBuildPhase;
			buildActionMask = 2147483647;
			files = (
			);
			runOnlyForDeploymentPostprocessing = 0;
		};
/* End PBXFrameworksBuildPhase section */

/* Begin PBXGroup section */
		D3258E8324B8C0E300895910 = {
			isa = PBXGroup;
			children = (
				D3258E8E24B8C0E300895910 /* gitHubCreatVideo */,
				D3258E8D24B8C0E300895910 /* Products */,
			);
			sourceTree = "<group>";
		};
		D3258E8D24B8C0E300895910 /* Products */ = {
			isa = PBXGroup;
			children = (
				D3258E8C24B8C0E300895910 /* gitHubCreatVideo.app */,
			);
			name = Products;
			sourceTree = "<group>";
		};
		D3258E8E24B8C0E300895910 /* gitHubCreatVideo */ = {
			isa = PBXGroup;
			children = (
				D3258E8F24B8C0E300895910 /* AppDelegate.swift */,
				D3258E9124B8C0E300895910 /* SceneDelegate.swift */,
				D3258E9324B8C0E300895910 /* ViewController.swift */,
				D3258E9524B8C0E300895910 /* Main.storyboard */,
				D3258E9B24B8C0E400895910 /* Assets.xcassets */,
				D3258E9D24B8C0E500895910 /* LaunchScreen.storyboard */,
				D3258EA024B8C0E500895910 /* Info.plist */,
				D3258E9824B8C0E300895910 /* gitHubCreatVideo.xcdatamodeld */,
			);
			path = gitHubCreatVideo;
			sourceTree = "<group>";
		};
/* End PBXGroup section */

/* Begin PBXNativeTarget section */
		D3258E8B24B8C0E300895910 /* gitHubCreatVideo */ = {
			isa = PBXNativeTarget;
			buildConfigurationList = D3258EA324B8C0E500895910 /* Build configuration list for PBXNativeTarget "gitHubCreatVideo" */;
			buildPhases = (
				D3258E8824B8C0E300895910 /* Sources */,
				D3258E8924B8C0E300895910 /* Frameworks */,
				D3258E8A24B8C0E300895910 /* Resources */,
			);
			buildRules = (
			);
			dependencies = (
			);
			name = gitHubCreatVideo;
			productName = gitHubCreatVideo;
			productReference = D3258E8C24B8C0E300895910 /* gitHubCreatVideo.app */;
			productType = "com.apple.product-type.application";
		};
/* End PBXNativeTarget section */

/* Begin PBXProject section */
		D3258E8424B8C0E300895910 /* Project object */ = {
			isa = PBXProject;
			attributes = {
				LastSwiftUpdateCheck = 1140;
				LastUpgradeCheck = 1140;
				ORGANIZATIONNAME = clc.seaver;
				TargetAttributes = {
					D3258E8B24B8C0E300895910 = {
						CreatedOnToolsVersion = 11.4;
					};
				};
			};
			buildConfigurationList = D3258E8724B8C0E300895910 /* Build configuration list for PBXProject "gitHubCreatVideo" */;
			compatibilityVersion = "Xcode 9.3";
			developmentRegion = en;
			hasScannedForEncodings = 0;
			knownRegions = (
				en,
				Base,
			);
			mainGroup = D3258E8324B8C0E300895910;
			productRefGroup = D3258E8D24B8C0E300895910 /* Products */;
			projectDirPath = "";
			projectRoot = "";
			targets = (
				D3258E8B24B8C0E300895910 /* gitHubCreatVideo */,
			);
		};
/* End PBXProject section */

/* Begin PBXResourcesBuildPhase section */
		D3258E8A24B8C0E300895910 /* Resources */ = {
			isa = PBXResourcesBuildPhase;
			buildActionMask = 2147483647;
			files = (
				D3258E9F24B8C0E500895910 /* LaunchScreen.storyboard in Resources */,
				D3258E9C24B8C0E400895910 /* Assets.xcassets in Resources */,
				D3258E9724B8C0E300895910 /* Main.storyboard in Resources */,
			);
			runOnlyForDeploymentPostprocessing = 0;
		};
/* End PBXResourcesBuildPhase section */

/* Begin PBXSourcesBuildPhase section */
		D3258E8824B8C0E300895910 /* Sources */ = {
			isa = PBXSourcesBuildPhase;
			buildActionMask = 2147483647;
			files = (
				D3258E9424B8C0E300895910 /* ViewController.swift in Sources */,
				D3258E9024B8C0E300895910 /* AppDelegate.swift in Sources */,
				D3258E9A24B8C0E300895910 /* gitHubCreatVideo.xcdatamodeld in Sources */,
				D3258E9224B8C0E300895910 /* SceneDelegate.swift in Sources */,
			);
			runOnlyForDeploymentPostprocessing = 0;
		};
/* End PBXSourcesBuildPhase section */

/* Begin PBXVariantGroup section */
		D3258E9524B8C0E300895910 /* Main.storyboard */ = {
			isa = PBXVariantGroup;
			children = (
				D3258E9624B8C0E300895910 /* Base */,
			);
			name = Main.storyboard;
			sourceTree = "<group>";
		};
		D3258E9D24B8C0E500895910 /* LaunchScreen.storyboard */ = {
			isa = PBXVariantGroup;
			children = (
				D3258E9E24B8C0E500895910 /* Base */,
			);
			name = LaunchScreen.storyboard;
			sourceTree = "<group>";
		};
/* End PBXVariantGroup section */

/* Begin XCBuildConfiguration section */
		D3258EA124B8C0E500895910 /* Debug */ = {
			isa = XCBuildConfiguration;
			buildSettings = {
				ALWAYS_SEARCH_USER_PATHS = NO;
				CLANG_ANALYZER_NONNULL = YES;
				CLANG_ANALYZER_NUMBER_OBJECT_CONVERSION = YES_AGGRESSIVE;
				CLANG_CXX_LANGUAGE_STANDARD = "gnu++14";
				CLANG_CXX_LIBRARY = "libc++";
				CLANG_ENABLE_MODULES = YES;
				CLANG_ENABLE_OBJC_ARC = YES;
				CLANG_ENABLE_OBJC_WEAK = YES;
				CLANG_WARN_BLOCK_CAPTURE_AUTORELEASING = YES;
				CLANG_WARN_BOOL_CONVERSION = YES;
				CLANG_WARN_COMMA = YES;
				CLANG_WARN_CONSTANT_CONVERSION = YES;
				CLANG_WARN_DEPRECATED_OBJC_IMPLEMENTATIONS = YES;
				CLANG_WARN_DIRECT_OBJC_ISA_USAGE = YES_ERROR;
				CLANG_WARN_DOCUMENTATION_COMMENTS = YES;
				CLANG_WARN_EMPTY_BODY = YES;
				CLANG_WARN_ENUM_CONVERSION = YES;
				CLANG_WARN_INFINITE_RECURSION = YES;
				CLANG_WARN_INT_CONVERSION = YES;
				CLANG_WARN_NON_LITERAL_NULL_CONVERSION = YES;
				CLANG_WARN_OBJC_IMPLICIT_RETAIN_SELF = YES;
				CLANG_WARN_OBJC_LITERAL_CONVERSION = YES;
				CLANG_WARN_OBJC_ROOT_CLASS = YES_ERROR;
				CLANG_WARN_RANGE_LOOP_ANALYSIS = YES;
				CLANG_WARN_STRICT_PROTOTYPES = YES;
				CLANG_WARN_SUSPICIOUS_MOVE = YES;
				CLANG_WARN_UNGUARDED_AVAILABILITY = YES_AGGRESSIVE;
				CLANG_WARN_UNREACHABLE_CODE = YES;
				CLANG_WARN__DUPLICATE_METHOD_MATCH = YES;
				COPY_PHASE_STRIP = NO;
				DEBUG_INFORMATION_FORMAT = dwarf;
				ENABLE_STRICT_OBJC_MSGSEND = YES;
				ENABLE_TESTABILITY = YES;
				GCC_C_LANGUAGE_STANDARD = gnu11;
				GCC_DYNAMIC_NO_PIC = NO;
				GCC_NO_COMMON_BLOCKS = YES;
				GCC_OPTIMIZATION_LEVEL = 0;
				GCC_PREPROCESSOR_DEFINITIONS = (
					"DEBUG=1",
					"$(inherited)",
				);
				GCC_WARN_64_TO_32_BIT_CONVERSION = YES;
				GCC_WARN_ABOUT_RETURN_TYPE = YES_ERROR;
				GCC_WARN_UNDECLARED_SELECTOR = YES;
				GCC_WARN_UNINITIALIZED_AUTOS = YES_AGGRESSIVE;
				GCC_WARN_UNUSED_FUNCTION = YES;
				GCC_WARN_UNUSED_VARIABLE = YES;
				IPHONEOS_DEPLOYMENT_TARGET = 13.4;
				MTL_ENABLE_DEBUG_INFO = INCLUDE_SOURCE;
				MTL_FAST_MATH = YES;
				ONLY_ACTIVE_ARCH = YES;
				SDKROOT = iphoneos;
				SWIFT_ACTIVE_COMPILATION_CONDITIONS = DEBUG;
				SWIFT_OPTIMIZATION_LEVEL = "-Onone";
			};
			name = Debug;
		};
		D3258EA224B8C0E500895910 /* Release */ = {
			isa = XCBuildConfiguration;
			buildSettings = {
				ALWAYS_SEARCH_USER_PATHS = NO;
				CLANG_ANALYZER_NONNULL = YES;
				CLANG_ANALYZER_NUMBER_OBJECT_CONVERSION = YES_AGGRESSIVE;
				CLANG_CXX_LANGUAGE_STANDARD = "gnu++14";
				CLANG_CXX_LIBRARY = "libc++";
				CLANG_ENABLE_MODULES = YES;
				CLANG_ENABLE_OBJC_ARC = YES;
				CLANG_ENABLE_OBJC_WEAK = YES;
				CLANG_WARN_BLOCK_CAPTURE_AUTORELEASING = YES;
				CLANG_WARN_BOOL_CONVERSION = YES;
				CLANG_WARN_COMMA = YES;
				CLANG_WARN_CONSTANT_CONVERSION = YES;
				CLANG_WARN_DEPRECATED_OBJC_IMPLEMENTATIONS = YES;
				CLANG_WARN_DIRECT_OBJC_ISA_USAGE = YES_ERROR;
				CLANG_WARN_DOCUMENTATION_COMMENTS = YES;
				CLANG_WARN_EMPTY_BODY = YES;
				CLANG_WARN_ENUM_CONVERSION = YES;
				CLANG_WARN_INFINITE_RECURSION = YES;
				CLANG_WARN_INT_CONVERSION = YES;
				CLANG_WARN_NON_LITERAL_NULL_CONVERSION = YES;
				CLANG_WARN_OBJC_IMPLICIT_RETAIN_SELF = YES;
				CLANG_WARN_OBJC_LITERAL_CONVERSION = YES;
				CLANG_WARN_OBJC_ROOT_CLASS = YES_ERROR;
				CLANG_WARN_RANGE_LOOP_ANALYSIS = YES;
				CLANG_WARN_STRICT_PROTOTYPES = YES;
				CLANG_WARN_SUSPICIOUS_MOVE = YES;
				CLANG_WARN_UNGUARDED_AVAILABILITY = YES_AGGRESSIVE;
				CLANG_WARN_UNREACHABLE_CODE = YES;
				CLANG_WARN__DUPLICATE_METHOD_MATCH = YES;
				COPY_PHASE_STRIP = NO;
				DEBUG_INFORMATION_FORMAT = "dwarf-with-dsym";
				ENABLE_NS_ASSERTIONS = NO;
				ENABLE_STRICT_OBJC_MSGSEND = YES;
				GCC_C_LANGUAGE_STANDARD = gnu11;
				GCC_NO_COMMON_BLOCKS = YES;
				GCC_WARN_64_TO_32_BIT_CONVERSION = YES;
				GCC_WARN_ABOUT_RETURN_TYPE = YES_ERROR;
				GCC_WARN_UNDECLARED_SELECTOR = YES;
				GCC_WARN_UNINITIALIZED_AUTOS = YES_AGGRESSIVE;
				GCC_WARN_UNUSED_FUNCTION = YES;
				GCC_WARN_UNUSED_VARIABLE = YES;
				IPHONEOS_DEPLOYMENT_TARGET = 13.4;
				MTL_ENABLE_DEBUG_INFO = NO;
				MTL_FAST_MATH = YES;
				SDKROOT = iphoneos;
				SWIFT_COMPILATION_MODE = wholemodule;
				SWIFT_OPTIMIZATION_LEVEL = "-O";
				VALIDATE_PRODUCT = YES;
			};
			name = Release;
		};
		D3258EA424B8C0E500895910 /* Debug */ = {
			isa = XCBuildConfiguration;
			buildSettings = {
				ASSETCATALOG_COMPILER_APPICON_NAME = AppIcon;
				CODE_SIGN_STYLE = Automatic;
				DEVELOPMENT_TEAM = S22H3YR676;
				INFOPLIST_FILE = gitHubCreatVideo/Info.plist;
				LD_RUNPATH_SEARCH_PATHS = (
					"$(inherited)",
					"@executable_path/Frameworks",
				);
				PRODUCT_BUNDLE_IDENTIFIER = clc.gitHubCreatVideo;
				PRODUCT_NAME = "$(TARGET_NAME)";
				SWIFT_VERSION = 5.0;
				TARGETED_DEVICE_FAMILY = "1,2";
			};
			name = Debug;
		};
		D3258EA524B8C0E500895910 /* Release */ = {
			isa = XCBuildConfiguration;
			buildSettings = {
				ASSETCATALOG_COMPILER_APPICON_NAME = AppIcon;
				CODE_SIGN_STYLE = Automatic;
				DEVELOPMENT_TEAM = S22H3YR676;
				INFOPLIST_FILE = gitHubCreatVideo/Info.plist;
				LD_RUNPATH_SEARCH_PATHS = (
					"$(inherited)",
					"@executable_path/Frameworks",
				);
				PRODUCT_BUNDLE_IDENTIFIER = clc.gitHubCreatVideo;
				PRODUCT_NAME = "$(TARGET_NAME)";
				SWIFT_VERSION = 5.0;
				TARGETED_DEVICE_FAMILY = "1,2";
			};
			name = Release;
		};
/* End XCBuildConfiguration section */

/* Begin XCConfigurationList section */
		D3258E8724B8C0E300895910 /* Build configuration list for PBXProject "gitHubCreatVideo" */ = {
			isa = XCConfigurationList;
			buildConfigurations = (
				D3258EA124B8C0E500895910 /* Debug */,
				D3258EA224B8C0E500895910 /* Release */,
			);
			defaultConfigurationIsVisible = 0;
			defaultConfigurationName = Release;
		};
		D3258EA324B8C0E500895910 /* Build configuration list for PBXNativeTarget "gitHubCreatVideo" */ = {
			isa = XCConfigurationList;
			buildConfigurations = (
				D3258EA424B8C0E500895910 /* Debug */,
				D3258EA524B8C0E500895910 /* Release */,
			);
			defaultConfigurationIsVisible = 0;
			defaultConfigurationName = Release;
		};
/* End XCConfigurationList section */

/* Begin XCVersionGroup section */
		D3258E9824B8C0E300895910 /* gitHubCreatVideo.xcdatamodeld */ = {
			isa = XCVersionGroup;
			children = (
				D3258E9924B8C0E300895910 /* gitHubCreatVideo.xcdatamodel */,
			);
			currentVersion = D3258E9924B8C0E300895910 /* gitHubCreatVideo.xcdatamodel */;
			path = gitHubCreatVideo.xcdatamodeld;
			sourceTree = "<group>";
			versionGroupType = wrapper.xcdatamodel;
		};
/* End XCVersionGroup section */
	};
	rootObject = D3258E8424B8C0E300895910 /* Project object */;
}
